
Microsoft Visual Studio Solution File, Format Version 12.00
# Visual Studio Version 17
VisualStudioVersion = 17.1.32328.378
MinimumVisualStudioVersion = 10.0.40219.1
Project("{FAE04EC0-301F-11D3-BF4B-00C04F79EFBC}") = "LatihanOverloadingMethod", "LatihanOverloadingMethod\LatihanOverloadingMethod.csproj", "{B57B713A-DEC3-4CBD-8F67-BBDDB6B95EA6}"
EndProject
Global
	GlobalSection(SolutionConfigurationPlatforms) = preSolution
		Debug|Any CPU = Debug|Any CPU
		Release|Any CPU = Release|Any CPU
	EndGlobalSection
	GlobalSection(ProjectConfigurationPlatforms) = postSolution
		{B57B713A-DEC3-4CBD-8F67-BBDDB6B95EA6}.Debug|Any CPU.ActiveCfg = Debug|Any CPU
		{B57B713A-DEC3-4CBD-8F67-BBDDB6B95EA6}.Debug|Any CPU.Build.0 = Debug|Any CPU
		{B57B713A-DEC3-4CBD-8F67-BBDDB6B95EA6}.Release|Any CPU.ActiveCfg = Release|Any CPU
		{B57B713A-DEC3-4CBD-8F67-BBDDB6B95EA6}.Release|Any CPU.Build.0 = Release|Any CPU
	EndGlobalSection
	GlobalSection(SolutionProperties) = preSolution
		HideSolutionNode = FALSE
	EndGlobalSection
	GlobalSection(ExtensibilityGlobals) = postSolution
		SolutionGuid = {E12D02C8-DDAB-4B99-86CA-FA7BC1545188}
	EndGlobalSection
EndGlobal
